
Microsoft Visual Studio Solution File, Format Version 12.00
# Visual Studio Version 16
VisualStudioVersion = 16.0.30204.135
MinimumVisualStudioVersion = 10.0.40219.1
Project("{FAE04EC0-301F-11D3-BF4B-00C04F79EFBC}") = "DevIO.Api", "src\DevIO.Api\DevIO.Api.csproj", "{ED68EA1B-DF14-4880-AEBA-457F24B046CF}"
EndProject
Project("{FAE04EC0-301F-11D3-BF4B-00C04F79EFBC}") = "DevIO.Business", "src\DevIO.Business\DevIO.Business.csproj", "{9094E2EF-E32D-44DB-9C16-AE655A58823B}"
EndProject
Project("{FAE04EC0-301F-11D3-BF4B-00C04F79EFBC}") = "DevIO.Data", "src\DevIO.Data\DevIO.Data.csproj", "{3E737D65-D120-4857-9F68-8D957B76247B}"
EndProject
Global
	GlobalSection(SolutionConfigurationPlatforms) = preSolution
		Debug|Any CPU = Debug|Any CPU
		Release|Any CPU = Release|Any CPU
	EndGlobalSection
	GlobalSection(ProjectConfigurationPlatforms) = postSolution
		{ED68EA1B-DF14-4880-AEBA-457F24B046CF}.Debug|Any CPU.ActiveCfg = Debug|Any CPU
		{ED68EA1B-DF14-4880-AEBA-457F24B046CF}.Debug|Any CPU.Build.0 = Debug|Any CPU
		{ED68EA1B-DF14-4880-AEBA-457F24B046CF}.Release|Any CPU.ActiveCfg = Release|Any CPU
		{ED68EA1B-DF14-4880-AEBA-457F24B046CF}.Release|Any CPU.Build.0 = Release|Any CPU
		{9094E2EF-E32D-44DB-9C16-AE655A58823B}.Debug|Any CPU.ActiveCfg = Debug|Any CPU
		{9094E2EF-E32D-44DB-9C16-AE655A58823B}.Debug|Any CPU.Build.0 = Debug|Any CPU
		{9094E2EF-E32D-44DB-9C16-AE655A58823B}.Release|Any CPU.ActiveCfg = Release|Any CPU
		{9094E2EF-E32D-44DB-9C16-AE655A58823B}.Release|Any CPU.Build.0 = Release|Any CPU
		{3E737D65-D120-4857-9F68-8D957B76247B}.Debug|Any CPU.ActiveCfg = Debug|Any CPU
		{3E737D65-D120-4857-9F68-8D957B76247B}.Debug|Any CPU.Build.0 = Debug|Any CPU
		{3E737D65-D120-4857-9F68-8D957B76247B}.Release|Any CPU.ActiveCfg = Release|Any CPU
		{3E737D65-D120-4857-9F68-8D957B76247B}.Release|Any CPU.Build.0 = Release|Any CPU
	EndGlobalSection
	GlobalSection(SolutionProperties) = preSolution
		HideSolutionNode = FALSE
	EndGlobalSection
	GlobalSection(ExtensibilityGlobals) = postSolution
		SolutionGuid = {6722D1BD-7DE0-45B7-8A50-777BC676E747}
	EndGlobalSection
EndGlobal
